click==8.5.0
colorama==0.4.6
fsspec==2026.2.0
iniconfig==2.3.0
msgspec==0.21.1
nautilus_trader==1.231.0
numpy==2.5.3
packaging==26.3
pandas==3.0.5
pluggy==1.6.0
portion==2.6.2
pyarrow==25.0.1
Pygments==2.21.0
pytest==9.1.1
python-dateutil==2.9.0.post0
pytz==2026.3.post1
six==1.17.0
sortedcontainers==2.4.0
tqdm==4.70.1
tzdata==2026.3
